// !$*UTF8*$!
{
	archiveVersion = 1;
	classes = {
	};
	objectVersion = 50;
	objects = {

/* Begin PBXBuildFile section */
		1B317186754166B4538A9223 /* Pods_Stack_Chat.framework in Frameworks */ = {isa = PBXBuildFile; fileRef = 231A668E83DA3407C5FE94B8 /* Pods_Stack_Chat.framework */; };
		4436E02A232C1FEE005C79B1 /* CustomCell.swift in Sources */ = {isa = PBXBuildFile; fileRef = 4436E029232C1FEE005C79B1 /* CustomCell.swift */; };
		4464BA08232FF6570077DF0C /* SocketService.swift in Sources */ = {isa = PBXBuildFile; fileRef = 4464BA07232FF6570077DF0C /* SocketService.swift */; };
		447593B22331203D00DCD38D /* Message.swift in Sources */ = {isa = PBXBuildFile; fileRef = 447593B12331203D00DCD38D /* Message.swift */; };
		447593B42331337400DCD38D /* KeyboardBoundView.swift in Sources */ = {isa = PBXBuildFile; fileRef = 447593B32331337400DCD38D /* KeyboardBoundView.swift */; };
		44ADE77B231E9B450006EA3E /* Constants.swift in Sources */ = {isa = PBXBuildFile; fileRef = 44ADE77A231E9B450006EA3E /* Constants.swift */; };
		44ADE77D231EA4970006EA3E /* LoginVC.swift in Sources */ = {isa = PBXBuildFile; fileRef = 44ADE77C231EA4970006EA3E /* LoginVC.swift */; };
		44ADE77F231EA8220006EA3E /* CreateAccountVC.swift in Sources */ = {isa = PBXBuildFile; fileRef = 44ADE77E231EA8220006EA3E /* CreateAccountVC.swift */; };
		44C0F2B6231D8FD1008B150B /* GradientView.swift in Sources */ = {isa = PBXBuildFile; fileRef = 44C0F2B5231D8FD1008B150B /* GradientView.swift */; };
		44C20B86232BE32C005B172C /* MessageService.swift in Sources */ = {isa = PBXBuildFile; fileRef = 44C20B85232BE32C005B172C /* MessageService.swift */; };
		44C20B88232BE396005B172C /* Channel.swift in Sources */ = {isa = PBXBuildFile; fileRef = 44C20B87232BE396005B172C /* Channel.swift */; };
		44DAE890231D690800D2E5F1 /* AppDelegate.swift in Sources */ = {isa = PBXBuildFile; fileRef = 44DAE88F231D690800D2E5F1 /* AppDelegate.swift */; };
		44DAE895231D690800D2E5F1 /* Main.storyboard in Resources */ = {isa = PBXBuildFile; fileRef = 44DAE893231D690800D2E5F1 /* Main.storyboard */; };
		44DAE897231D690900D2E5F1 /* Assets.xcassets in Resources */ = {isa = PBXBuildFile; fileRef = 44DAE896231D690900D2E5F1 /* Assets.xcassets */; };
		44DAE89A231D690900D2E5F1 /* LaunchScreen.storyboard in Resources */ = {isa = PBXBuildFile; fileRef = 44DAE898231D690900D2E5F1 /* LaunchScreen.storyboard */; };
		44DAE8A5231D71EE00D2E5F1 /* SWRevealViewController.m in Sources */ = {isa = PBXBuildFile; fileRef = 44DAE8A3231D71EE00D2E5F1 /* SWRevealViewController.m */; };
		44DAE8AA231D765600D2E5F1 /* ChatVC.swift in Sources */ = {isa = PBXBuildFile; fileRef = 44DAE8A9231D765600D2E5F1 /* ChatVC.swift */; };
		44DAE8AC231D769D00D2E5F1 /* ChannelVC.swift in Sources */ = {isa = PBXBuildFile; fileRef = 44DAE8AB231D769D00D2E5F1 /* ChannelVC.swift */; };
		44DECCB62327DF9C00CF5C0A /* AuthService.swift in Sources */ = {isa = PBXBuildFile; fileRef = 44DECCB52327DF9C00CF5C0A /* AuthService.swift */; };
		44DECCB82327F19C00CF5C0A /* RoundedButton.swift in Sources */ = {isa = PBXBuildFile; fileRef = 44DECCB72327F19C00CF5C0A /* RoundedButton.swift */; };
		44E8E7DD232A7559001AC47A /* ProfileVC.swift in Sources */ = {isa = PBXBuildFile; fileRef = 44E8E7DB232A7559001AC47A /* ProfileVC.swift */; };
		44E8E7DE232A7559001AC47A /* ProfileVC.xib in Resources */ = {isa = PBXBuildFile; fileRef = 44E8E7DC232A7559001AC47A /* ProfileVC.xib */; };
		44EFBD2823292B2900A68AF9 /* AvatarPickerVC.swift in Sources */ = {isa = PBXBuildFile; fileRef = 44EFBD2723292B2900A68AF9 /* AvatarPickerVC.swift */; };
		44EFBD2A23292E1500A68AF9 /* AvatarCell.swift in Sources */ = {isa = PBXBuildFile; fileRef = 44EFBD2923292E1500A68AF9 /* AvatarCell.swift */; };
		44EFBD2C232959C200A68AF9 /* CircleImage.swift in Sources */ = {isa = PBXBuildFile; fileRef = 44EFBD2B232959C200A68AF9 /* CircleImage.swift */; };
		44F6B5D92328061A00346A20 /* UserDataService.swift in Sources */ = {isa = PBXBuildFile; fileRef = 44F6B5D82328061A00346A20 /* UserDataService.swift */; };
		44FF83E4232FDCA40004511C /* AddChannelVC.swift in Sources */ = {isa = PBXBuildFile; fileRef = 44FF83E2232FDCA40004511C /* AddChannelVC.swift */; };
		44FF83E5232FDCA40004511C /* AddChannelVC.xib in Resources */ = {isa = PBXBuildFile; fileRef = 44FF83E3232FDCA40004511C /* AddChannelVC.xib */; };
/* End PBXBuildFile section */

/* Begin PBXFileReference section */
		231A668E83DA3407C5FE94B8 /* Pods_Stack_Chat.framework */ = {isa = PBXFileReference; explicitFileType = wrapper.framework; includeInIndex = 0; path = Pods_Stack_Chat.framework; sourceTree = BUILT_PRODUCTS_DIR; };
		4436E029232C1FEE005C79B1 /* CustomCell.swift */ = {isa = PBXFileReference; lastKnownFileType = sourcecode.swift; path = CustomCell.swift; sourceTree = "<group>"; };
		4464BA07232FF6570077DF0C /* SocketService.swift */ = {isa = PBXFileReference; lastKnownFileType = sourcecode.swift; path = SocketService.swift; sourceTree = "<group>"; };
		447593B12331203D00DCD38D /* Message.swift */ = {isa = PBXFileReference; lastKnownFileType = sourcecode.swift; path = Message.swift; sourceTree = "<group>"; };
		447593B32331337400DCD38D /* KeyboardBoundView.swift */ = {isa = PBXFileReference; fileEncoding = 4; lastKnownFileType = sourcecode.swift; path = KeyboardBoundView.swift; sourceTree = "<group>"; };
		44ADE77A231E9B450006EA3E /* Constants.swift */ = {isa = PBXFileReference; lastKnownFileType = sourcecode.swift; path = Constants.swift; sourceTree = "<group>"; };
		44ADE77C231EA4970006EA3E /* LoginVC.swift */ = {isa = PBXFileReference; lastKnownFileType = sourcecode.swift; path = LoginVC.swift; sourceTree = "<group>"; };
		44ADE77E231EA8220006EA3E /* CreateAccountVC.swift */ = {isa = PBXFileReference; lastKnownFileType = sourcecode.swift; path = CreateAccountVC.swift; sourceTree = "<group>"; };
		44C0F2B5231D8FD1008B150B /* GradientView.swift */ = {isa = PBXFileReference; lastKnownFileType = sourcecode.swift; path = GradientView.swift; sourceTree = "<group>"; };
		44C20B85232BE32C005B172C /* MessageService.swift */ = {isa = PBXFileReference; lastKnownFileType = sourcecode.swift; path = MessageService.swift; sourceTree = "<group>"; };
		44C20B87232BE396005B172C /* Channel.swift */ = {isa = PBXFileReference; lastKnownFileType = sourcecode.swift; path = Channel.swift; sourceTree = "<group>"; };
		44DAE88C231D690800D2E5F1 /* Stack Chat.app */ = {isa = PBXFileReference; explicitFileType = wrapper.application; includeInIndex = 0; path = "Stack Chat.app"; sourceTree = BUILT_PRODUCTS_DIR; };
		44DAE88F231D690800D2E5F1 /* AppDelegate.swift */ = {isa = PBXFileReference; lastKnownFileType = sourcecode.swift; path = AppDelegate.swift; sourceTree = "<group>"; };
		44DAE894231D690800D2E5F1 /* Base */ = {isa = PBXFileReference; lastKnownFileType = file.storyboard; name = Base; path = Base.lproj/Main.storyboard; sourceTree = "<group>"; };
		44DAE896231D690900D2E5F1 /* Assets.xcassets */ = {isa = PBXFileReference; lastKnownFileType = folder.assetcatalog; path = Assets.xcassets; sourceTree = "<group>"; };
		44DAE899231D690900D2E5F1 /* Base */ = {isa = PBXFileReference; lastKnownFileType = file.storyboard; name = Base; path = Base.lproj/LaunchScreen.storyboard; sourceTree = "<group>"; };
		44DAE89B231D690900D2E5F1 /* Info.plist */ = {isa = PBXFileReference; lastKnownFileType = text.plist.xml; path = Info.plist; sourceTree = "<group>"; };
		44DAE8A2231D71EE00D2E5F1 /* Stack Chat-Bridging-Header.h */ = {isa = PBXFileReference; lastKnownFileType = sourcecode.c.h; path = "Stack Chat-Bridging-Header.h"; sourceTree = "<group>"; };
		44DAE8A3231D71EE00D2E5F1 /* SWRevealViewController.m */ = {isa = PBXFileReference; fileEncoding = 4; lastKnownFileType = sourcecode.c.objc; path = SWRevealViewController.m; sourceTree = "<group>"; };
		44DAE8A4231D71EE00D2E5F1 /* SWRevealViewController.h */ = {isa = PBXFileReference; fileEncoding = 4; lastKnownFileType = sourcecode.c.h; path = SWRevealViewController.h; sourceTree = "<group>"; };
		44DAE8A9231D765600D2E5F1 /* ChatVC.swift */ = {isa = PBXFileReference; lastKnownFileType = sourcecode.swift; path = ChatVC.swift; sourceTree = "<group>"; };
		44DAE8AB231D769D00D2E5F1 /* ChannelVC.swift */ = {isa = PBXFileReference; lastKnownFileType = sourcecode.swift; path = ChannelVC.swift; sourceTree = "<group>"; };
		44DECCB52327DF9C00CF5C0A /* AuthService.swift */ = {isa = PBXFileReference; lastKnownFileType = sourcecode.swift; path = AuthService.swift; sourceTree = "<group>"; };
		44DECCB72327F19C00CF5C0A /* RoundedButton.swift */ = {isa = PBXFileReference; lastKnownFileType = sourcecode.swift; path = RoundedButton.swift; sourceTree = "<group>"; };
		44E8E7DB232A7559001AC47A /* ProfileVC.swift */ = {isa = PBXFileReference; lastKnownFileType = sourcecode.swift; path = ProfileVC.swift; sourceTree = "<group>"; };
		44E8E7DC232A7559001AC47A /* ProfileVC.xib */ = {isa = PBXFileReference; lastKnownFileType = file.xib; path = ProfileVC.xib; sourceTree = "<group>"; };
		44EFBD2723292B2900A68AF9 /* AvatarPickerVC.swift */ = {isa = PBXFileReference; lastKnownFileType = sourcecode.swift; path = AvatarPickerVC.swift; sourceTree = "<group>"; };
		44EFBD2923292E1500A68AF9 /* AvatarCell.swift */ = {isa = PBXFileReference; lastKnownFileType = sourcecode.swift; path = AvatarCell.swift; sourceTree = "<group>"; };
		44EFBD2B232959C200A68AF9 /* CircleImage.swift */ = {isa = PBXFileReference; lastKnownFileType = sourcecode.swift; path = CircleImage.swift; sourceTree = "<group>"; };
		44F6B5D82328061A00346A20 /* UserDataService.swift */ = {isa = PBXFileReference; lastKnownFileType = sourcecode.swift; path = UserDataService.swift; sourceTree = "<group>"; };
		44FF83E2232FDCA40004511C /* AddChannelVC.swift */ = {isa = PBXFileReference; lastKnownFileType = sourcecode.swift; path = AddChannelVC.swift; sourceTree = "<group>"; };
		44FF83E3232FDCA40004511C /* AddChannelVC.xib */ = {isa = PBXFileReference; lastKnownFileType = file.xib; path = AddChannelVC.xib; sourceTree = "<group>"; };
		B3614E3F5D91096D6D41BAE7 /* Pods-Stack Chat.debug.xcconfig */ = {isa = PBXFileReference; includeInIndex = 1; lastKnownFileType = text.xcconfig; name = "Pods-Stack Chat.debug.xcconfig"; path = "Pods/Target Support Files/Pods-Stack Chat/Pods-Stack Chat.debug.xcconfig"; sourceTree = "<group>"; };
		E051086C68E5493EC6B68FF1 /* Pods-Stack Chat.release.xcconfig */ = {isa = PBXFileReference; includeInIndex = 1; lastKnownFileType = text.xcconfig; name = "Pods-Stack Chat.release.xcconfig"; path = "Pods/Target Support Files/Pods-Stack Chat/Pods-Stack Chat.release.xcconfig"; sourceTree = "<group>"; };
/* End PBXFileReference section */

/* Begin PBXFrameworksBuildPhase section */
		44DAE889231D690800D2E5F1 /* Frameworks */ = {
			isa = PBXFrameworksBuildPhase;
			buildActionMask = 2147483647;
			files = (
				1B317186754166B4538A9223 /* Pods_Stack_Chat.framework in Frameworks */,
			);
			runOnlyForDeploymentPostprocessing = 0;
		};
/* End PBXFrameworksBuildPhase section */

/* Begin PBXGroup section */
		34CD47303EC00752F085A8E3 /* Frameworks */ = {
			isa = PBXGroup;
			children = (
				231A668E83DA3407C5FE94B8 /* Pods_Stack_Chat.framework */,
			);
			name = Frameworks;
			sourceTree = "<group>";
		};
		352811634BAAD21754C427F2 /* Pods */ = {
			isa = PBXGroup;
			children = (
				B3614E3F5D91096D6D41BAE7 /* Pods-Stack Chat.debug.xcconfig */,
				E051086C68E5493EC6B68FF1 /* Pods-Stack Chat.release.xcconfig */,
			);
			name = Pods;
			sourceTree = "<group>";
		};
		44ADE779231E9B1C0006EA3E /* Utillities */ = {
			isa = PBXGroup;
			children = (
				44ADE77A231E9B450006EA3E /* Constants.swift */,
			);
			path = Utillities;
			sourceTree = "<group>";
		};
		44DAE883231D690800D2E5F1 = {
			isa = PBXGroup;
			children = (
				44DAE8A1231D71A400D2E5F1 /* Supporting Files */,
				44DAE88E231D690800D2E5F1 /* Stack Chat */,
				44DAE88D231D690800D2E5F1 /* Products */,
				352811634BAAD21754C427F2 /* Pods */,
				34CD47303EC00752F085A8E3 /* Frameworks */,
			);
			sourceTree = "<group>";
		};
		44DAE88D231D690800D2E5F1 /* Products */ = {
			isa = PBXGroup;
			children = (
				44DAE88C231D690800D2E5F1 /* Stack Chat.app */,
			);
			name = Products;
			sourceTree = "<group>";
		};
		44DAE88E231D690800D2E5F1 /* Stack Chat */ = {
			isa = PBXGroup;
			children = (
				44DAE8A6231D760900D2E5F1 /* Model */,
				44DAE8A7231D761800D2E5F1 /* View */,
				44DAE8A8231D762600D2E5F1 /* Controller */,
				44E8E7DF232A7579001AC47A /* XIBs */,
				44ADE779231E9B1C0006EA3E /* Utillities */,
				44DECCB42327DF7200CF5C0A /* Services */,
				44DAE88F231D690800D2E5F1 /* AppDelegate.swift */,
				44DAE893231D690800D2E5F1 /* Main.storyboard */,
				44DAE896231D690900D2E5F1 /* Assets.xcassets */,
				44DAE898231D690900D2E5F1 /* LaunchScreen.storyboard */,
				44DAE89B231D690900D2E5F1 /* Info.plist */,
			);
			path = "Stack Chat";
			sourceTree = "<group>";
		};
		44DAE8A1231D71A400D2E5F1 /* Supporting Files */ = {
			isa = PBXGroup;
			children = (
				44DAE8A4231D71EE00D2E5F1 /* SWRevealViewController.h */,
				44DAE8A3231D71EE00D2E5F1 /* SWRevealViewController.m */,
				44DAE8A2231D71EE00D2E5F1 /* Stack Chat-Bridging-Header.h */,
			);
			path = "Supporting Files";
			sourceTree = "<group>";
		};
		44DAE8A6231D760900D2E5F1 /* Model */ = {
			isa = PBXGroup;
			children = (
				44C20B87232BE396005B172C /* Channel.swift */,
				447593B12331203D00DCD38D /* Message.swift */,
			);
			path = Model;
			sourceTree = "<group>";
		};
		44DAE8A7231D761800D2E5F1 /* View */ = {
			isa = PBXGroup;
			children = (
				447593B32331337400DCD38D /* KeyboardBoundView.swift */,
				44C0F2B5231D8FD1008B150B /* GradientView.swift */,
				44DECCB72327F19C00CF5C0A /* RoundedButton.swift */,
				44EFBD2923292E1500A68AF9 /* AvatarCell.swift */,
				44EFBD2B232959C200A68AF9 /* CircleImage.swift */,
				4436E029232C1FEE005C79B1 /* CustomCell.swift */,
			);
			path = View;
			sourceTree = "<group>";
		};
		44DAE8A8231D762600D2E5F1 /* Controller */ = {
			isa = PBXGroup;
			children = (
				44DAE8A9231D765600D2E5F1 /* ChatVC.swift */,
				44DAE8AB231D769D00D2E5F1 /* ChannelVC.swift */,
				44ADE77C231EA4970006EA3E /* LoginVC.swift */,
				44ADE77E231EA8220006EA3E /* CreateAccountVC.swift */,
				44EFBD2723292B2900A68AF9 /* AvatarPickerVC.swift */,
				44E8E7DB232A7559001AC47A /* ProfileVC.swift */,
				44FF83E2232FDCA40004511C /* AddChannelVC.swift */,
			);
			path = Controller;
			sourceTree = "<group>";
		};
		44DECCB42327DF7200CF5C0A /* Services */ = {
			isa = PBXGroup;
			children = (
				44DECCB52327DF9C00CF5C0A /* AuthService.swift */,
				44F6B5D82328061A00346A20 /* UserDataService.swift */,
				44C20B85232BE32C005B172C /* MessageService.swift */,
				4464BA07232FF6570077DF0C /* SocketService.swift */,
			);
			path = Services;
			sourceTree = "<group>";
		};
		44E8E7DF232A7579001AC47A /* XIBs */ = {
			isa = PBXGroup;
			children = (
				44E8E7DC232A7559001AC47A /* ProfileVC.xib */,
				44FF83E3232FDCA40004511C /* AddChannelVC.xib */,
			);
			path = XIBs;
			sourceTree = "<group>";
		};
/* End PBXGroup section */

/* Begin PBXNativeTarget section */
		44DAE88B231D690800D2E5F1 /* Stack Chat */ = {
			isa = PBXNativeTarget;
			buildConfigurationList = 44DAE89E231D690900D2E5F1 /* Build configuration list for PBXNativeTarget "Stack Chat" */;
			buildPhases = (
				263800D6A4E89EC157A7623A /* [CP] Check Pods Manifest.lock */,
				44DAE888231D690800D2E5F1 /* Sources */,
				44DAE889231D690800D2E5F1 /* Frameworks */,
				44DAE88A231D690800D2E5F1 /* Resources */,
				57817D2A172720E153E20DF3 /* [CP] Embed Pods Frameworks */,
			);
			buildRules = (
			);
			dependencies = (
			);
			name = "Stack Chat";
			productName = "Stack Chat";
			productReference = 44DAE88C231D690800D2E5F1 /* Stack Chat.app */;
			productType = "com.apple.product-type.application";
		};
/* End PBXNativeTarget section */

/* Begin PBXProject section */
		44DAE884231D690800D2E5F1 /* Project object */ = {
			isa = PBXProject;
			attributes = {
				LastSwiftUpdateCheck = 1030;
				LastUpgradeCheck = 1030;
				ORGANIZATIONNAME = "Nazar Petruk";
				TargetAttributes = {
					44DAE88B231D690800D2E5F1 = {
						CreatedOnToolsVersion = 10.3;
						LastSwiftMigration = 1030;
					};
				};
			};
			buildConfigurationList = 44DAE887231D690800D2E5F1 /* Build configuration list for PBXProject "Stack Chat" */;
			compatibilityVersion = "Xcode 9.3";
			developmentRegion = en;
			hasScannedForEncodings = 0;
			knownRegions = (
				en,
				Base,
			);
			mainGroup = 44DAE883231D690800D2E5F1;
			productRefGroup = 44DAE88D231D690800D2E5F1 /* Products */;
			projectDirPath = "";
			projectRoot = "";
			targets = (
				44DAE88B231D690800D2E5F1 /* Stack Chat */,
			);
		};
/* End PBXProject section */

/* Begin PBXResourcesBuildPhase section */
		44DAE88A231D690800D2E5F1 /* Resources */ = {
			isa = PBXResourcesBuildPhase;
			buildActionMask = 2147483647;
			files = (
				44FF83E5232FDCA40004511C /* AddChannelVC.xib in Resources */,
				44E8E7DE232A7559001AC47A /* ProfileVC.xib in Resources */,
				44DAE89A231D690900D2E5F1 /* LaunchScreen.storyboard in Resources */,
				44DAE897231D690900D2E5F1 /* Assets.xcassets in Resources */,
				44DAE895231D690800D2E5F1 /* Main.storyboard in Resources */,
			);
			runOnlyForDeploymentPostprocessing = 0;
		};
/* End PBXResourcesBuildPhase section */

/* Begin PBXShellScriptBuildPhase section */
		263800D6A4E89EC157A7623A /* [CP] Check Pods Manifest.lock */ = {
			isa = PBXShellScriptBuildPhase;
			buildActionMask = 2147483647;
			files = (
			);
			inputPaths = (
				"${PODS_PODFILE_DIR_PATH}/Podfile.lock",
				"${PODS_ROOT}/Manifest.lock",
			);
			name = "[CP] Check Pods Manifest.lock";
			outputPaths = (
				"$(DERIVED_FILE_DIR)/Pods-Stack Chat-checkManifestLockResult.txt",
			);
			runOnlyForDeploymentPostprocessing = 0;
			shellPath = /bin/sh;
			shellScript = "diff \"${PODS_PODFILE_DIR_PATH}/Podfile.lock\" \"${PODS_ROOT}/Manifest.lock\" > /dev/null\nif [ $? != 0 ] ; then\n    # print error to STDERR\n    echo \"error: The sandbox is not in sync with the Podfile.lock. Run 'pod install' or update your CocoaPods installation.\" >&2\n    exit 1\nfi\n# This output is used by Xcode 'outputs' to avoid re-running this script phase.\necho \"SUCCESS\" > \"${SCRIPT_OUTPUT_FILE_0}\"\n";
			showEnvVarsInLog = 0;
		};
		57817D2A172720E153E20DF3 /* [CP] Embed Pods Frameworks */ = {
			isa = PBXShellScriptBuildPhase;
			buildActionMask = 2147483647;
			files = (
			);
			inputPaths = (
				"${SRCROOT}/Pods/Target Support Files/Pods-Stack Chat/Pods-Stack Chat-frameworks.sh",
				"${BUILT_PRODUCTS_DIR}/Alamofire/Alamofire.framework",
				"${BUILT_PRODUCTS_DIR}/Socket.IO-Client-Swift/SocketIO.framework",
				"${BUILT_PRODUCTS_DIR}/Starscream/Starscream.framework",
				"${BUILT_PRODUCTS_DIR}/SwiftyJSON/SwiftyJSON.framework",
			);
			name = "[CP] Embed Pods Frameworks";
			outputPaths = (
				"${TARGET_BUILD_DIR}/${FRAMEWORKS_FOLDER_PATH}/Alamofire.framework",
				"${TARGET_BUILD_DIR}/${FRAMEWORKS_FOLDER_PATH}/SocketIO.framework",
				"${TARGET_BUILD_DIR}/${FRAMEWORKS_FOLDER_PATH}/Starscream.framework",
				"${TARGET_BUILD_DIR}/${FRAMEWORKS_FOLDER_PATH}/SwiftyJSON.framework",
			);
			runOnlyForDeploymentPostprocessing = 0;
			shellPath = /bin/sh;
			shellScript = "\"${SRCROOT}/Pods/Target Support Files/Pods-Stack Chat/Pods-Stack Chat-frameworks.sh\"\n";
			showEnvVarsInLog = 0;
		};
/* End PBXShellScriptBuildPhase section */

/* Begin PBXSourcesBuildPhase section */
		44DAE888231D690800D2E5F1 /* Sources */ = {
			isa = PBXSourcesBuildPhase;
			buildActionMask = 2147483647;
			files = (
				447593B42331337400DCD38D /* KeyboardBoundView.swift in Sources */,
				4464BA08232FF6570077DF0C /* SocketService.swift in Sources */,
				44E8E7DD232A7559001AC47A /* ProfileVC.swift in Sources */,
				44DAE8AC231D769D00D2E5F1 /* ChannelVC.swift in Sources */,
				44EFBD2823292B2900A68AF9 /* AvatarPickerVC.swift in Sources */,
				44DECCB82327F19C00CF5C0A /* RoundedButton.swift in Sources */,
				4436E02A232C1FEE005C79B1 /* CustomCell.swift in Sources */,
				447593B22331203D00DCD38D /* Message.swift in Sources */,
				44C20B88232BE396005B172C /* Channel.swift in Sources */,
				44EFBD2C232959C200A68AF9 /* CircleImage.swift in Sources */,
				44C20B86232BE32C005B172C /* MessageService.swift in Sources */,
				44DAE8AA231D765600D2E5F1 /* ChatVC.swift in Sources */,
				44F6B5D92328061A00346A20 /* UserDataService.swift in Sources */,
				44ADE77F231EA8220006EA3E /* CreateAccountVC.swift in Sources */,
				44DECCB62327DF9C00CF5C0A /* AuthService.swift in Sources */,
				44C0F2B6231D8FD1008B150B /* GradientView.swift in Sources */,
				44DAE890231D690800D2E5F1 /* AppDelegate.swift in Sources */,
				44FF83E4232FDCA40004511C /* AddChannelVC.swift in Sources */,
				44EFBD2A23292E1500A68AF9 /* AvatarCell.swift in Sources */,
				44ADE77B231E9B450006EA3E /* Constants.swift in Sources */,
				44DAE8A5231D71EE00D2E5F1 /* SWRevealViewController.m in Sources */,
				44ADE77D231EA4970006EA3E /* LoginVC.swift in Sources */,
			);
			runOnlyForDeploymentPostprocessing = 0;
		};
/* End PBXSourcesBuildPhase section */

/* Begin PBXVariantGroup section */
		44DAE893231D690800D2E5F1 /* Main.storyboard */ = {
			isa = PBXVariantGroup;
			children = (
				44DAE894231D690800D2E5F1 /* Base */,
			);
			name = Main.storyboard;
			sourceTree = "<group>";
		};
		44DAE898231D690900D2E5F1 /* LaunchScreen.storyboard */ = {
			isa = PBXVariantGroup;
			children = (
				44DAE899231D690900D2E5F1 /* Base */,
			);
			name = LaunchScreen.storyboard;
			sourceTree = "<group>";
		};
/* End PBXVariantGroup section */

/* Begin XCBuildConfiguration section */
		44DAE89C231D690900D2E5F1 /* Debug */ = {
			isa = XCBuildConfiguration;
			buildSettings = {
				ALWAYS_SEARCH_USER_PATHS = NO;
				CLANG_ANALYZER_NONNULL = YES;
				CLANG_ANALYZER_NUMBER_OBJECT_CONVERSION = YES_AGGRESSIVE;
				CLANG_CXX_LANGUAGE_STANDARD = "gnu++14";
				CLANG_CXX_LIBRARY = "libc++";
				CLANG_ENABLE_MODULES = YES;
				CLANG_ENABLE_OBJC_ARC = YES;
				CLANG_ENABLE_OBJC_WEAK = YES;
				CLANG_WARN_BLOCK_CAPTURE_AUTORELEASING = YES;
				CLANG_WARN_BOOL_CONVERSION = YES;
				CLANG_WARN_COMMA = YES;
				CLANG_WARN_CONSTANT_CONVERSION = YES;
				CLANG_WARN_DEPRECATED_OBJC_IMPLEMENTATIONS = YES;
				CLANG_WARN_DIRECT_OBJC_ISA_USAGE = YES_ERROR;
				CLANG_WARN_DOCUMENTATION_COMMENTS = YES;
				CLANG_WARN_EMPTY_BODY = YES;
				CLANG_WARN_ENUM_CONVERSION = YES;
				CLANG_WARN_INFINITE_RECURSION = YES;
				CLANG_WARN_INT_CONVERSION = YES;
				CLANG_WARN_NON_LITERAL_NULL_CONVERSION = YES;
				CLANG_WARN_OBJC_IMPLICIT_RETAIN_SELF = YES;
				CLANG_WARN_OBJC_LITERAL_CONVERSION = YES;
				CLANG_WARN_OBJC_ROOT_CLASS = YES_ERROR;
				CLANG_WARN_RANGE_LOOP_ANALYSIS = YES;
				CLANG_WARN_STRICT_PROTOTYPES = YES;
				CLANG_WARN_SUSPICIOUS_MOVE = YES;
				CLANG_WARN_UNGUARDED_AVAILABILITY = YES_AGGRESSIVE;
				CLANG_WARN_UNREACHABLE_CODE = YES;
				CLANG_WARN__DUPLICATE_METHOD_MATCH = YES;
				CODE_SIGN_IDENTITY = "iPhone Developer";
				COPY_PHASE_STRIP = NO;
				DEBUG_INFORMATION_FORMAT = dwarf;
				ENABLE_STRICT_OBJC_MSGSEND = YES;
				ENABLE_TESTABILITY = YES;
				GCC_C_LANGUAGE_STANDARD = gnu11;
				GCC_DYNAMIC_NO_PIC = NO;
				GCC_NO_COMMON_BLOCKS = YES;
				GCC_OPTIMIZATION_LEVEL = 0;
				GCC_PREPROCESSOR_DEFINITIONS = (
					"DEBUG=1",
					"$(inherited)",
				);
				GCC_WARN_64_TO_32_BIT_CONVERSION = YES;
				GCC_WARN_ABOUT_RETURN_TYPE = YES_ERROR;
				GCC_WARN_UNDECLARED_SELECTOR = YES;
				GCC_WARN_UNINITIALIZED_AUTOS = YES_AGGRESSIVE;
				GCC_WARN_UNUSED_FUNCTION = YES;
				GCC_WARN_UNUSED_VARIABLE = YES;
				IPHONEOS_DEPLOYMENT_TARGET = 12.4;
				MTL_ENABLE_DEBUG_INFO = INCLUDE_SOURCE;
				MTL_FAST_MATH = YES;
				ONLY_ACTIVE_ARCH = YES;
				SDKROOT = iphoneos;
				SWIFT_ACTIVE_COMPILATION_CONDITIONS = DEBUG;
				SWIFT_OPTIMIZATION_LEVEL = "-Onone";
			};
			name = Debug;
		};
		44DAE89D231D690900D2E5F1 /* Release */ = {
			isa = XCBuildConfiguration;
			buildSettings = {
				ALWAYS_SEARCH_USER_PATHS = NO;
				CLANG_ANALYZER_NONNULL = YES;
				CLANG_ANALYZER_NUMBER_OBJECT_CONVERSION = YES_AGGRESSIVE;
				CLANG_CXX_LANGUAGE_STANDARD = "gnu++14";
				CLANG_CXX_LIBRARY = "libc++";
				CLANG_ENABLE_MODULES = YES;
				CLANG_ENABLE_OBJC_ARC = YES;
				CLANG_ENABLE_OBJC_WEAK = YES;
				CLANG_WARN_BLOCK_CAPTURE_AUTORELEASING = YES;
				CLANG_WARN_BOOL_CONVERSION = YES;
				CLANG_WARN_COMMA = YES;
				CLANG_WARN_CONSTANT_CONVERSION = YES;
				CLANG_WARN_DEPRECATED_OBJC_IMPLEMENTATIONS = YES;
				CLANG_WARN_DIRECT_OBJC_ISA_USAGE = YES_ERROR;
				CLANG_WARN_DOCUMENTATION_COMMENTS = YES;
				CLANG_WARN_EMPTY_BODY = YES;
				CLANG_WARN_ENUM_CONVERSION = YES;
				CLANG_WARN_INFINITE_RECURSION = YES;
				CLANG_WARN_INT_CONVERSION = YES;
				CLANG_WARN_NON_LITERAL_NULL_CONVERSION = YES;
				CLANG_WARN_OBJC_IMPLICIT_RETAIN_SELF = YES;
				CLANG_WARN_OBJC_LITERAL_CONVERSION = YES;
				CLANG_WARN_OBJC_ROOT_CLASS = YES_ERROR;
				CLANG_WARN_RANGE_LOOP_ANALYSIS = YES;
				CLANG_WARN_STRICT_PROTOTYPES = YES;
				CLANG_WARN_SUSPICIOUS_MOVE = YES;
				CLANG_WARN_UNGUARDED_AVAILABILITY = YES_AGGRESSIVE;
				CLANG_WARN_UNREACHABLE_CODE = YES;
				CLANG_WARN__DUPLICATE_METHOD_MATCH = YES;
				CODE_SIGN_IDENTITY = "iPhone Developer";
				COPY_PHASE_STRIP = NO;
				DEBUG_INFORMATION_FORMAT = "dwarf-with-dsym";
				ENABLE_NS_ASSERTIONS = NO;
				ENABLE_STRICT_OBJC_MSGSEND = YES;
				GCC_C_LANGUAGE_STANDARD = gnu11;
				GCC_NO_COMMON_BLOCKS = YES;
				GCC_WARN_64_TO_32_BIT_CONVERSION = YES;
				GCC_WARN_ABOUT_RETURN_TYPE = YES_ERROR;
				GCC_WARN_UNDECLARED_SELECTOR = YES;
				GCC_WARN_UNINITIALIZED_AUTOS = YES_AGGRESSIVE;
				GCC_WARN_UNUSED_FUNCTION = YES;
				GCC_WARN_UNUSED_VARIABLE = YES;
				IPHONEOS_DEPLOYMENT_TARGET = 12.4;
				MTL_ENABLE_DEBUG_INFO = NO;
				MTL_FAST_MATH = YES;
				SDKROOT = iphoneos;
				SWIFT_COMPILATION_MODE = wholemodule;
				SWIFT_OPTIMIZATION_LEVEL = "-O";
				VALIDATE_PRODUCT = YES;
			};
			name = Release;
		};
		44DAE89F231D690900D2E5F1 /* Debug */ = {
			isa = XCBuildConfiguration;
			baseConfigurationReference = B3614E3F5D91096D6D41BAE7 /* Pods-Stack Chat.debug.xcconfig */;
			buildSettings = {
				ASSETCATALOG_COMPILER_APPICON_NAME = AppIcon;
				CLANG_ENABLE_MODULES = YES;
				CODE_SIGN_STYLE = Automatic;
				DEVELOPMENT_TEAM = PRZ43Q4HD7;
				INFOPLIST_FILE = "Stack Chat/Info.plist";
				LD_RUNPATH_SEARCH_PATHS = (
					"$(inherited)",
					"@executable_path/Frameworks",
				);
				PRODUCT_BUNDLE_IDENTIFIER = "com.nazarDev.Stack-Chat";
				PRODUCT_NAME = "$(TARGET_NAME)";
				SWIFT_OBJC_BRIDGING_HEADER = "Supporting Files/Stack Chat-Bridging-Header.h";
				SWIFT_OPTIMIZATION_LEVEL = "-Onone";
				SWIFT_VERSION = 5.0;
				TARGETED_DEVICE_FAMILY = "1,2";
			};
			name = Debug;
		};
		44DAE8A0231D690900D2E5F1 /* Release */ = {
			isa = XCBuildConfiguration;
			baseConfigurationReference = E051086C68E5493EC6B68FF1 /* Pods-Stack Chat.release.xcconfig */;
			buildSettings = {
				ASSETCATALOG_COMPILER_APPICON_NAME = AppIcon;
				CLANG_ENABLE_MODULES = YES;
				CODE_SIGN_STYLE = Automatic;
				DEVELOPMENT_TEAM = PRZ43Q4HD7;
				INFOPLIST_FILE = "Stack Chat/Info.plist";
				LD_RUNPATH_SEARCH_PATHS = (
					"$(inherited)",
					"@executable_path/Frameworks",
				);
				PRODUCT_BUNDLE_IDENTIFIER = "com.nazarDev.Stack-Chat";
				PRODUCT_NAME = "$(TARGET_NAME)";
				SWIFT_OBJC_BRIDGING_HEADER = "Supporting Files/Stack Chat-Bridging-Header.h";
				SWIFT_VERSION = 5.0;
				TARGETED_DEVICE_FAMILY = "1,2";
			};
			name = Release;
		};
/* End XCBuildConfiguration section */

/* Begin XCConfigurationList section */
		44DAE887231D690800D2E5F1 /* Build configuration list for PBXProject "Stack Chat" */ = {
			isa = XCConfigurationList;
			buildConfigurations = (
				44DAE89C231D690900D2E5F1 /* Debug */,
				44DAE89D231D690900D2E5F1 /* Release */,
			);
			defaultConfigurationIsVisible = 0;
			defaultConfigurationName = Release;
		};
		44DAE89E231D690900D2E5F1 /* Build configuration list for PBXNativeTarget "Stack Chat" */ = {
			isa = XCConfigurationList;
			buildConfigurations = (
				44DAE89F231D690900D2E5F1 /* Debug */,
				44DAE8A0231D690900D2E5F1 /* Release */,
			);
			defaultConfigurationIsVisible = 0;
			defaultConfigurationName = Release;
		};
/* End XCConfigurationList section */
	};
	rootObject = 44DAE884231D690800D2E5F1 /* Project object */;
}
